// !$*UTF8*$!
{
	archiveVersion = 1;
	classes = {
	};
	objectVersion = 46;
	objects = {

/* Begin PBXBuildFile section */
		CD90C1081AD75081007566E3 /* main.m in Sources */ = {isa = PBXBuildFile; fileRef = CD90C1071AD75081007566E3 /* main.m */; };
		CD90C10B1AD75081007566E3 /* AppDelegate.m in Sources */ = {isa = PBXBuildFile; fileRef = CD90C10A1AD75081007566E3 /* AppDelegate.m */; };
		CD90C10E1AD75081007566E3 /* ViewController.m in Sources */ = {isa = PBXBuildFile; fileRef = CD90C10D1AD75081007566E3 /* ViewController.m */; };
		CD90C1111AD75081007566E3 /* Main.storyboard in Resources */ = {isa = PBXBuildFile; fileRef = CD90C10F1AD75081007566E3 /* Main.storyboard */; };
		CD90C1131AD75081007566E3 /* Images.xcassets in Resources */ = {isa = PBXBuildFile; fileRef = CD90C1121AD75081007566E3 /* Images.xcassets */; };
		CD90C1161AD75081007566E3 /* LaunchScreen.xib in Resources */ = {isa = PBXBuildFile; fileRef = CD90C1141AD75081007566E3 /* LaunchScreen.xib */; };
		CD90C1221AD75081007566E3 /* L360EventTrackerExampleTests.m in Sources */ = {isa = PBXBuildFile; fileRef = CD90C1211AD75081007566E3 /* L360EventTrackerExampleTests.m */; };
		CD90C13C1AD88D89007566E3 /* L360EventObject.m in Sources */ = {isa = PBXBuildFile; fileRef = CD90C1371AD88D89007566E3 /* L360EventObject.m */; };
		CD90C13D1AD88D89007566E3 /* L360EventTracker.m in Sources */ = {isa = PBXBuildFile; fileRef = CD90C1391AD88D89007566E3 /* L360EventTracker.m */; };
		CD90C13E1AD88D89007566E3 /* L360ExecutionObject.m in Sources */ = {isa = PBXBuildFile; fileRef = CD90C13B1AD88D89007566E3 /* L360ExecutionObject.m */; };
/* End PBXBuildFile section */

/* Begin PBXContainerItemProxy section */
		CD90C11C1AD75081007566E3 /* PBXContainerItemProxy */ = {
			isa = PBXContainerItemProxy;
			containerPortal = CD90C0FA1AD75081007566E3 /* Project object */;
			proxyType = 1;
			remoteGlobalIDString = CD90C1011AD75081007566E3;
			remoteInfo = L360EventTrackerExample;
		};
/* End PBXContainerItemProxy section */

/* Begin PBXFileReference section */
		5CC972739C69AEC136ED34FF /* libPods.a */ = {isa = PBXFileReference; explicitFileType = archive.ar; includeInIndex = 0; path = libPods.a; sourceTree = BUILT_PRODUCTS_DIR; };
		CD90C1021AD75081007566E3 /* L360EventTrackerExample.app */ = {isa = PBXFileReference; explicitFileType = wrapper.application; includeInIndex = 0; path = L360EventTrackerExample.app; sourceTree = BUILT_PRODUCTS_DIR; };
		CD90C1061AD75081007566E3 /* Info.plist */ = {isa = PBXFileReference; lastKnownFileType = text.plist.xml; path = Info.plist; sourceTree = "<group>"; };
		CD90C1071AD75081007566E3 /* main.m */ = {isa = PBXFileReference; lastKnownFileType = sourcecode.c.objc; path = main.m; sourceTree = "<group>"; };
		CD90C1091AD75081007566E3 /* AppDelegate.h */ = {isa = PBXFileReference; lastKnownFileType = sourcecode.c.h; path = AppDelegate.h; sourceTree = "<group>"; };
		CD90C10A1AD75081007566E3 /* AppDelegate.m */ = {isa = PBXFileReference; lastKnownFileType = sourcecode.c.objc; path = AppDelegate.m; sourceTree = "<group>"; };
		CD90C10C1AD75081007566E3 /* ViewController.h */ = {isa = PBXFileReference; lastKnownFileType = sourcecode.c.h; path = ViewController.h; sourceTree = "<group>"; };
		CD90C10D1AD75081007566E3 /* ViewController.m */ = {isa = PBXFileReference; lastKnownFileType = sourcecode.c.objc; path = ViewController.m; sourceTree = "<group>"; };
		CD90C1101AD75081007566E3 /* Base */ = {isa = PBXFileReference; lastKnownFileType = file.storyboard; name = Base; path = Base.lproj/Main.storyboard; sourceTree = "<group>"; };
		CD90C1121AD75081007566E3 /* Images.xcassets */ = {isa = PBXFileReference; lastKnownFileType = folder.assetcatalog; path = Images.xcassets; sourceTree = "<group>"; };
		CD90C1151AD75081007566E3 /* Base */ = {isa = PBXFileReference; lastKnownFileType = file.xib; name = Base; path = Base.lproj/LaunchScreen.xib; sourceTree = "<group>"; };
		CD90C11B1AD75081007566E3 /* L360EventTrackerExampleTests.xctest */ = {isa = PBXFileReference; explicitFileType = wrapper.cfbundle; includeInIndex = 0; path = L360EventTrackerExampleTests.xctest; sourceTree = BUILT_PRODUCTS_DIR; };
		CD90C1201AD75081007566E3 /* Info.plist */ = {isa = PBXFileReference; lastKnownFileType = text.plist.xml; path = Info.plist; sourceTree = "<group>"; };
		CD90C1211AD75081007566E3 /* L360EventTrackerExampleTests.m */ = {isa = PBXFileReference; lastKnownFileType = sourcecode.c.objc; path = L360EventTrackerExampleTests.m; sourceTree = "<group>"; };
		CD90C1361AD88D89007566E3 /* L360EventObject.h */ = {isa = PBXFileReference; fileEncoding = 4; lastKnownFileType = sourcecode.c.h; path = L360EventObject.h; sourceTree = "<group>"; };
		CD90C1371AD88D89007566E3 /* L360EventObject.m */ = {isa = PBXFileReference; fileEncoding = 4; lastKnownFileType = sourcecode.c.objc; path = L360EventObject.m; sourceTree = "<group>"; };
		CD90C1381AD88D89007566E3 /* L360EventTracker.h */ = {isa = PBXFileReference; fileEncoding = 4; lastKnownFileType = sourcecode.c.h; path = L360EventTracker.h; sourceTree = "<group>"; };
		CD90C1391AD88D89007566E3 /* L360EventTracker.m */ = {isa = PBXFileReference; fileEncoding = 4; lastKnownFileType = sourcecode.c.objc; path = L360EventTracker.m; sourceTree = "<group>"; };
		CD90C13A1AD88D89007566E3 /* L360ExecutionObject.h */ = {isa = PBXFileReference; fileEncoding = 4; lastKnownFileType = sourcecode.c.h; path = L360ExecutionObject.h; sourceTree = "<group>"; };
		CD90C13B1AD88D89007566E3 /* L360ExecutionObject.m */ = {isa = PBXFileReference; fileEncoding = 4; lastKnownFileType = sourcecode.c.objc; path = L360ExecutionObject.m; sourceTree = "<group>"; };
/* End PBXFileReference section */

/* Begin PBXFrameworksBuildPhase section */
		CD90C0FF1AD75081007566E3 /* Frameworks */ = {
			isa = PBXFrameworksBuildPhase;
			buildActionMask = 2147483647;
			files = (
			);
			runOnlyForDeploymentPostprocessing = 0;
		};
		CD90C1181AD75081007566E3 /* Frameworks */ = {
			isa = PBXFrameworksBuildPhase;
			buildActionMask = 2147483647;
			files = (
			);
			runOnlyForDeploymentPostprocessing = 0;
		};
/* End PBXFrameworksBuildPhase section */

/* Begin PBXGroup section */
		CD90C0F91AD75081007566E3 = {
			isa = PBXGroup;
			children = (
				CD90C1041AD75081007566E3 /* L360EventTrackerExample */,
				CD90C11E1AD75081007566E3 /* L360EventTrackerExampleTests */,
				CD90C1031AD75081007566E3 /* Products */,
				D7954348C12602D1ED67D790 /* Frameworks */,
			);
			sourceTree = "<group>";
		};
		CD90C1031AD75081007566E3 /* Products */ = {
			isa = PBXGroup;
			children = (
				CD90C1021AD75081007566E3 /* L360EventTrackerExample.app */,
				CD90C11B1AD75081007566E3 /* L360EventTrackerExampleTests.xctest */,
			);
			name = Products;
			sourceTree = "<group>";
		};
		CD90C1041AD75081007566E3 /* L360EventTrackerExample */ = {
			isa = PBXGroup;
			children = (
				CD90C1351AD88D89007566E3 /* Classes */,
				CD90C1091AD75081007566E3 /* AppDelegate.h */,
				CD90C10A1AD75081007566E3 /* AppDelegate.m */,
				CD90C10C1AD75081007566E3 /* ViewController.h */,
				CD90C10D1AD75081007566E3 /* ViewController.m */,
				CD90C10F1AD75081007566E3 /* Main.storyboard */,
				CD90C1121AD75081007566E3 /* Images.xcassets */,
				CD90C1141AD75081007566E3 /* LaunchScreen.xib */,
				CD90C1051AD75081007566E3 /* Supporting Files */,
			);
			path = L360EventTrackerExample;
			sourceTree = "<group>";
		};
		CD90C1051AD75081007566E3 /* Supporting Files */ = {
			isa = PBXGroup;
			children = (
				CD90C1061AD75081007566E3 /* Info.plist */,
				CD90C1071AD75081007566E3 /* main.m */,
			);
			name = "Supporting Files";
			sourceTree = "<group>";
		};
		CD90C11E1AD75081007566E3 /* L360EventTrackerExampleTests */ = {
			isa = PBXGroup;
			children = (
				CD90C1211AD75081007566E3 /* L360EventTrackerExampleTests.m */,
				CD90C11F1AD75081007566E3 /* Supporting Files */,
			);
			path = L360EventTrackerExampleTests;
			sourceTree = "<group>";
		};
		CD90C11F1AD75081007566E3 /* Supporting Files */ = {
			isa = PBXGroup;
			children = (
				CD90C1201AD75081007566E3 /* Info.plist */,
			);
			name = "Supporting Files";
			sourceTree = "<group>";
		};
		CD90C1351AD88D89007566E3 /* Classes */ = {
			isa = PBXGroup;
			children = (
				CD90C1361AD88D89007566E3 /* L360EventObject.h */,
				CD90C1371AD88D89007566E3 /* L360EventObject.m */,
				CD90C1381AD88D89007566E3 /* L360EventTracker.h */,
				CD90C1391AD88D89007566E3 /* L360EventTracker.m */,
				CD90C13A1AD88D89007566E3 /* L360ExecutionObject.h */,
				CD90C13B1AD88D89007566E3 /* L360ExecutionObject.m */,
			);
			name = Classes;
			path = ../../Classes;
			sourceTree = "<group>";
		};
		D7954348C12602D1ED67D790 /* Frameworks */ = {
			isa = PBXGroup;
			children = (
				5CC972739C69AEC136ED34FF /* libPods.a */,
			);
			name = Frameworks;
			sourceTree = "<group>";
		};
/* End PBXGroup section */

/* Begin PBXNativeTarget section */
		CD90C1011AD75081007566E3 /* L360EventTrackerExample */ = {
			isa = PBXNativeTarget;
			buildConfigurationList = CD90C1251AD75081007566E3 /* Build configuration list for PBXNativeTarget "L360EventTrackerExample" */;
			buildPhases = (
				CD90C0FE1AD75081007566E3 /* Sources */,
				CD90C0FF1AD75081007566E3 /* Frameworks */,
				CD90C1001AD75081007566E3 /* Resources */,
			);
			buildRules = (
			);
			dependencies = (
			);
			name = L360EventTrackerExample;
			productName = L360EventTrackerExample;
			productReference = CD90C1021AD75081007566E3 /* L360EventTrackerExample.app */;
			productType = "com.apple.product-type.application";
		};
		CD90C11A1AD75081007566E3 /* L360EventTrackerExampleTests */ = {
			isa = PBXNativeTarget;
			buildConfigurationList = CD90C1281AD75081007566E3 /* Build configuration list for PBXNativeTarget "L360EventTrackerExampleTests" */;
			buildPhases = (
				CD90C1171AD75081007566E3 /* Sources */,
				CD90C1181AD75081007566E3 /* Frameworks */,
				CD90C1191AD75081007566E3 /* Resources */,
			);
			buildRules = (
			);
			dependencies = (
				CD90C11D1AD75081007566E3 /* PBXTargetDependency */,
			);
			name = L360EventTrackerExampleTests;
			productName = L360EventTrackerExampleTests;
			productReference = CD90C11B1AD75081007566E3 /* L360EventTrackerExampleTests.xctest */;
			productType = "com.apple.product-type.bundle.unit-test";
		};
/* End PBXNativeTarget section */

/* Begin PBXProject section */
		CD90C0FA1AD75081007566E3 /* Project object */ = {
			isa = PBXProject;
			attributes = {
				LastUpgradeCheck = 0620;
				ORGANIZATIONNAME = Life360;
				TargetAttributes = {
					CD90C1011AD75081007566E3 = {
						CreatedOnToolsVersion = 6.2;
					};
					CD90C11A1AD75081007566E3 = {
						CreatedOnToolsVersion = 6.2;
						TestTargetID = CD90C1011AD75081007566E3;
					};
				};
			};
			buildConfigurationList = CD90C0FD1AD75081007566E3 /* Build configuration list for PBXProject "L360EventTrackerExample" */;
			compatibilityVersion = "Xcode 3.2";
			developmentRegion = English;
			hasScannedForEncodings = 0;
			knownRegions = (
				en,
				Base,
			);
			mainGroup = CD90C0F91AD75081007566E3;
			productRefGroup = CD90C1031AD75081007566E3 /* Products */;
			projectDirPath = "";
			projectRoot = "";
			targets = (
				CD90C1011AD75081007566E3 /* L360EventTrackerExample */,
				CD90C11A1AD75081007566E3 /* L360EventTrackerExampleTests */,
			);
		};
/* End PBXProject section */

/* Begin PBXResourcesBuildPhase section */
		CD90C1001AD75081007566E3 /* Resources */ = {
			isa = PBXResourcesBuildPhase;
			buildActionMask = 2147483647;
			files = (
				CD90C1111AD75081007566E3 /* Main.storyboard in Resources */,
				CD90C1161AD75081007566E3 /* LaunchScreen.xib in Resources */,
				CD90C1131AD75081007566E3 /* Images.xcassets in Resources */,
			);
			runOnlyForDeploymentPostprocessing = 0;
		};
		CD90C1191AD75081007566E3 /* Resources */ = {
			isa = PBXResourcesBuildPhase;
			buildActionMask = 2147483647;
			files = (
			);
			runOnlyForDeploymentPostprocessing = 0;
		};
/* End PBXResourcesBuildPhase section */

/* Begin PBXSourcesBuildPhase section */
		CD90C0FE1AD75081007566E3 /* Sources */ = {
			isa = PBXSourcesBuildPhase;
			buildActionMask = 2147483647;
			files = (
				CD90C13E1AD88D89007566E3 /* L360ExecutionObject.m in Sources */,
				CD90C10E1AD75081007566E3 /* ViewController.m in Sources */,
				CD90C10B1AD75081007566E3 /* AppDelegate.m in Sources */,
				CD90C13C1AD88D89007566E3 /* L360EventObject.m in Sources */,
				CD90C1081AD75081007566E3 /* main.m in Sources */,
				CD90C13D1AD88D89007566E3 /* L360EventTracker.m in Sources */,
			);
			runOnlyForDeploymentPostprocessing = 0;
		};
		CD90C1171AD75081007566E3 /* Sources */ = {
			isa = PBXSourcesBuildPhase;
			buildActionMask = 2147483647;
			files = (
				CD90C1221AD75081007566E3 /* L360EventTrackerExampleTests.m in Sources */,
			);
			runOnlyForDeploymentPostprocessing = 0;
		};
/* End PBXSourcesBuildPhase section */

/* Begin PBXTargetDependency section */
		CD90C11D1AD75081007566E3 /* PBXTargetDependency */ = {
			isa = PBXTargetDependency;
			target = CD90C1011AD75081007566E3 /* L360EventTrackerExample */;
			targetProxy = CD90C11C1AD75081007566E3 /* PBXContainerItemProxy */;
		};
/* End PBXTargetDependency section */

/* Begin PBXVariantGroup section */
		CD90C10F1AD75081007566E3 /* Main.storyboard */ = {
			isa = PBXVariantGroup;
			children = (
				CD90C1101AD75081007566E3 /* Base */,
			);
			name = Main.storyboard;
			sourceTree = "<group>";
		};
		CD90C1141AD75081007566E3 /* LaunchScreen.xib */ = {
			isa = PBXVariantGroup;
			children = (
				CD90C1151AD75081007566E3 /* Base */,
			);
			name = LaunchScreen.xib;
			sourceTree = "<group>";
		};
/* End PBXVariantGroup section */

/* Begin XCBuildConfiguration section */
		CD90C1231AD75081007566E3 /* Debug */ = {
			isa = XCBuildConfiguration;
			buildSettings = {
				ALWAYS_SEARCH_USER_PATHS = NO;
				CLANG_CXX_LANGUAGE_STANDARD = "gnu++0x";
				CLANG_CXX_LIBRARY = "libc++";
				CLANG_ENABLE_MODULES = YES;
				CLANG_ENABLE_OBJC_ARC = YES;
				CLANG_WARN_BOOL_CONVERSION = YES;
				CLANG_WARN_CONSTANT_CONVERSION = YES;
				CLANG_WARN_DIRECT_OBJC_ISA_USAGE = YES_ERROR;
				CLANG_WARN_EMPTY_BODY = YES;
				CLANG_WARN_ENUM_CONVERSION = YES;
				CLANG_WARN_INT_CONVERSION = YES;
				CLANG_WARN_OBJC_ROOT_CLASS = YES_ERROR;
				CLANG_WARN_UNREACHABLE_CODE = YES;
				CLANG_WARN__DUPLICATE_METHOD_MATCH = YES;
				"CODE_SIGN_IDENTITY[sdk=iphoneos*]" = "iPhone Developer";
				COPY_PHASE_STRIP = NO;
				ENABLE_STRICT_OBJC_MSGSEND = YES;
				GCC_C_LANGUAGE_STANDARD = gnu99;
				GCC_DYNAMIC_NO_PIC = NO;
				GCC_OPTIMIZATION_LEVEL = 0;
				GCC_PREPROCESSOR_DEFINITIONS = (
					"DEBUG=1",
					"$(inherited)",
				);
				GCC_SYMBOLS_PRIVATE_EXTERN = NO;
				GCC_WARN_64_TO_32_BIT_CONVERSION = YES;
				GCC_WARN_ABOUT_RETURN_TYPE = YES_ERROR;
				GCC_WARN_UNDECLARED_SELECTOR = YES;
				GCC_WARN_UNINITIALIZED_AUTOS = YES_AGGRESSIVE;
				GCC_WARN_UNUSED_FUNCTION = YES;
				GCC_WARN_UNUSED_VARIABLE = YES;
				IPHONEOS_DEPLOYMENT_TARGET = 8.2;
				MTL_ENABLE_DEBUG_INFO = YES;
				ONLY_ACTIVE_ARCH = YES;
				SDKROOT = iphoneos;
			};
			name = Debug;
		};
		CD90C1241AD75081007566E3 /* Release */ = {
			isa = XCBuildConfiguration;
			buildSettings = {
				ALWAYS_SEARCH_USER_PATHS = NO;
				CLANG_CXX_LANGUAGE_STANDARD = "gnu++0x";
				CLANG_CXX_LIBRARY = "libc++";
				CLANG_ENABLE_MODULES = YES;
				CLANG_ENABLE_OBJC_ARC = YES;
				CLANG_WARN_BOOL_CONVERSION = YES;
				CLANG_WARN_CONSTANT_CONVERSION = YES;
				CLANG_WARN_DIRECT_OBJC_ISA_USAGE = YES_ERROR;
				CLANG_WARN_EMPTY_BODY = YES;
				CLANG_WARN_ENUM_CONVERSION = YES;
				CLANG_WARN_INT_CONVERSION = YES;
				CLANG_WARN_OBJC_ROOT_CLASS = YES_ERROR;
				CLANG_WARN_UNREACHABLE_CODE = YES;
				CLANG_WARN__DUPLICATE_METHOD_MATCH = YES;
				"CODE_SIGN_IDENTITY[sdk=iphoneos*]" = "iPhone Developer";
				COPY_PHASE_STRIP = NO;
				ENABLE_NS_ASSERTIONS = NO;
				ENABLE_STRICT_OBJC_MSGSEND = YES;
				GCC_C_LANGUAGE_STANDARD = gnu99;
				GCC_WARN_64_TO_32_BIT_CONVERSION = YES;
				GCC_WARN_ABOUT_RETURN_TYPE = YES_ERROR;
				GCC_WARN_UNDECLARED_SELECTOR = YES;
				GCC_WARN_UNINITIALIZED_AUTOS = YES_AGGRESSIVE;
				GCC_WARN_UNUSED_FUNCTION = YES;
				GCC_WARN_UNUSED_VARIABLE = YES;
				IPHONEOS_DEPLOYMENT_TARGET = 8.2;
				MTL_ENABLE_DEBUG_INFO = NO;
				SDKROOT = iphoneos;
				VALIDATE_PRODUCT = YES;
			};
			name = Release;
		};
		CD90C1261AD75081007566E3 /* Debug */ = {
			isa = XCBuildConfiguration;
			buildSettings = {
				ASSETCATALOG_COMPILER_APPICON_NAME = AppIcon;
				INFOPLIST_FILE = L360EventTrackerExample/Info.plist;
				LD_RUNPATH_SEARCH_PATHS = "$(inherited) @executable_path/Frameworks";
				PRODUCT_NAME = "$(TARGET_NAME)";
			};
			name = Debug;
		};
		CD90C1271AD75081007566E3 /* Release */ = {
			isa = XCBuildConfiguration;
			buildSettings = {
				ASSETCATALOG_COMPILER_APPICON_NAME = AppIcon;
				INFOPLIST_FILE = L360EventTrackerExample/Info.plist;
				LD_RUNPATH_SEARCH_PATHS = "$(inherited) @executable_path/Frameworks";
				PRODUCT_NAME = "$(TARGET_NAME)";
			};
			name = Release;
		};
		CD90C1291AD75081007566E3 /* Debug */ = {
			isa = XCBuildConfiguration;
			buildSettings = {
				BUNDLE_LOADER = "$(TEST_HOST)";
				FRAMEWORK_SEARCH_PATHS = (
					"$(SDKROOT)/Developer/Library/Frameworks",
					"$(inherited)",
				);
				GCC_PREPROCESSOR_DEFINITIONS = (
					"DEBUG=1",
					"$(inherited)",
				);
				INFOPLIST_FILE = L360EventTrackerExampleTests/Info.plist;
				LD_RUNPATH_SEARCH_PATHS = "$(inherited) @executable_path/Frameworks @loader_path/Frameworks";
				PRODUCT_NAME = "$(TARGET_NAME)";
				TEST_HOST = "$(BUILT_PRODUCTS_DIR)/L360EventTrackerExample.app/L360EventTrackerExample";
			};
			name = Debug;
		};
		CD90C12A1AD75081007566E3 /* Release */ = {
			isa = XCBuildConfiguration;
			buildSettings = {
				BUNDLE_LOADER = "$(TEST_HOST)";
				FRAMEWORK_SEARCH_PATHS = (
					"$(SDKROOT)/Developer/Library/Frameworks",
					"$(inherited)",
				);
				INFOPLIST_FILE = L360EventTrackerExampleTests/Info.plist;
				LD_RUNPATH_SEARCH_PATHS = "$(inherited) @executable_path/Frameworks @loader_path/Frameworks";
				PRODUCT_NAME = "$(TARGET_NAME)";
				TEST_HOST = "$(BUILT_PRODUCTS_DIR)/L360EventTrackerExample.app/L360EventTrackerExample";
			};
			name = Release;
		};
/* End XCBuildConfiguration section */

/* Begin XCConfigurationList section */
		CD90C0FD1AD75081007566E3 /* Build configuration list for PBXProject "L360EventTrackerExample" */ = {
			isa = XCConfigurationList;
			buildConfigurations = (
				CD90C1231AD75081007566E3 /* Debug */,
				CD90C1241AD75081007566E3 /* Release */,
			);
			defaultConfigurationIsVisible = 0;
			defaultConfigurationName = Release;
		};
		CD90C1251AD75081007566E3 /* Build configuration list for PBXNativeTarget "L360EventTrackerExample" */ = {
			isa = XCConfigurationList;
			buildConfigurations = (
				CD90C1261AD75081007566E3 /* Debug */,
				CD90C1271AD75081007566E3 /* Release */,
			);
			defaultConfigurationIsVisible = 0;
			defaultConfigurationName = Release;
		};
		CD90C1281AD75081007566E3 /* Build configuration list for PBXNativeTarget "L360EventTrackerExampleTests" */ = {
			isa = XCConfigurationList;
			buildConfigurations = (
				CD90C1291AD75081007566E3 /* Debug */,
				CD90C12A1AD75081007566E3 /* Release */,
			);
			defaultConfigurationIsVisible = 0;
			defaultConfigurationName = Release;
		};
/* End XCConfigurationList section */
	};
	rootObject = CD90C0FA1AD75081007566E3 /* Project object */;
}
